
Microsoft Visual Studio Solution File, Format Version 12.00
# Visual Studio Version 17
VisualStudioVersion = 17.3.32819.101
MinimumVisualStudioVersion = 10.0.40219.1
Project("{FAE04EC0-301F-11D3-BF4B-00C04F79EFBC}") = "ConsoleApp19", "ConsoleApp19.csproj", "{F0DBA1D4-D063-4775-B109-E57E1A6729AB}"
EndProject
Global
	GlobalSection(SolutionConfigurationPlatforms) = preSolution
		Debug|Any CPU = Debug|Any CPU
		Release|Any CPU = Release|Any CPU
	EndGlobalSection
	GlobalSection(ProjectConfigurationPlatforms) = postSolution
		{F0DBA1D4-D063-4775-B109-E57E1A6729AB}.Debug|Any CPU.ActiveCfg = Debug|Any CPU
		{F0DBA1D4-D063-4775-B109-E57E1A6729AB}.Debug|Any CPU.Build.0 = Debug|Any CPU
		{F0DBA1D4-D063-4775-B109-E57E1A6729AB}.Release|Any CPU.ActiveCfg = Release|Any CPU
		{F0DBA1D4-D063-4775-B109-E57E1A6729AB}.Release|Any CPU.Build.0 = Release|Any CPU
	EndGlobalSection
	GlobalSection(SolutionProperties) = preSolution
		HideSolutionNode = FALSE
	EndGlobalSection
	GlobalSection(ExtensibilityGlobals) = postSolution
		SolutionGuid = {EF3E7CAA-5016-470F-8F9C-F81B27E31F3D}
	EndGlobalSection
EndGlobal
