
Microsoft Visual Studio Solution File, Format Version 12.00
# Visual Studio Version 17
VisualStudioVersion = 17.3.32819.101
MinimumVisualStudioVersion = 10.0.40219.1
Project("{FAE04EC0-301F-11D3-BF4B-00C04F79EFBC}") = "ConsoleApp18", "ConsoleApp18.csproj", "{E279C751-13FF-4D2F-8C06-276E6E0F9A4B}"
EndProject
Global
	GlobalSection(SolutionConfigurationPlatforms) = preSolution
		Debug|Any CPU = Debug|Any CPU
		Release|Any CPU = Release|Any CPU
	EndGlobalSection
	GlobalSection(ProjectConfigurationPlatforms) = postSolution
		{E279C751-13FF-4D2F-8C06-276E6E0F9A4B}.Debug|Any CPU.ActiveCfg = Debug|Any CPU
		{E279C751-13FF-4D2F-8C06-276E6E0F9A4B}.Debug|Any CPU.Build.0 = Debug|Any CPU
		{E279C751-13FF-4D2F-8C06-276E6E0F9A4B}.Release|Any CPU.ActiveCfg = Release|Any CPU
		{E279C751-13FF-4D2F-8C06-276E6E0F9A4B}.Release|Any CPU.Build.0 = Release|Any CPU
	EndGlobalSection
	GlobalSection(SolutionProperties) = preSolution
		HideSolutionNode = FALSE
	EndGlobalSection
	GlobalSection(ExtensibilityGlobals) = postSolution
		SolutionGuid = {95B20DAF-B4EC-490A-BD22-7A46FA7EEB33}
	EndGlobalSection
EndGlobal
